
Microsoft Visual Studio Solution File, Format Version 12.00
# Visual Studio 15
VisualStudioVersion = 15.0.28307.421
MinimumVisualStudioVersion = 10.0.40219.1
Project("{FAE04EC0-301F-11D3-BF4B-00C04F79EFBC}") = "GarbageCollectionDemo", "GarbageCollectionDemo\GarbageCollectionDemo.csproj", "{2D89F770-3534-4165-847B-1AE1D85A94A7}"
EndProject
Global
	GlobalSection(SolutionConfigurationPlatforms) = preSolution
		Debug|Any CPU = Debug|Any CPU
		Release|Any CPU = Release|Any CPU
	EndGlobalSection
	GlobalSection(ProjectConfigurationPlatforms) = postSolution
		{2D89F770-3534-4165-847B-1AE1D85A94A7}.Debug|Any CPU.ActiveCfg = Debug|Any CPU
		{2D89F770-3534-4165-847B-1AE1D85A94A7}.Debug|Any CPU.Build.0 = Debug|Any CPU
		{2D89F770-3534-4165-847B-1AE1D85A94A7}.Release|Any CPU.ActiveCfg = Release|Any CPU
		{2D89F770-3534-4165-847B-1AE1D85A94A7}.Release|Any CPU.Build.0 = Release|Any CPU
	EndGlobalSection
	GlobalSection(SolutionProperties) = preSolution
		HideSolutionNode = FALSE
	EndGlobalSection
	GlobalSection(ExtensibilityGlobals) = postSolution
		SolutionGuid = {F4A9ADD7-A9A0-4D27-ABE0-D1E7A66049E2}
	EndGlobalSection
EndGlobal
